
Microsoft Visual Studio Solution File, Format Version 12.00
# Visual Studio Version 17
VisualStudioVersion = 17.0.31808.319
MinimumVisualStudioVersion = 10.0.40219.1
Project("{2150E333-8FDC-42A3-9474-1A3956D46DE8}") = "README", "README", "{50AC7BEF-5C67-4285-BA56-A9265D6AA113}"
	ProjectSection(SolutionItems) = preProject
		README\1. Opzet.txt = README\1. Opzet.txt
		README\2. Klassen.txt = README\2. Klassen.txt
		README\3. Klassen 2.txt = README\3. Klassen 2.txt
		README\4. Interfaces.txt = README\4. Interfaces.txt
		README\5. Collections.txt = README\5. Collections.txt
		README\6. Interactivity.txt = README\6. Interactivity.txt
		README\7. Databases.txt = README\7. Databases.txt
		README\8. Generics.txt = README\8. Generics.txt
		README\9. XML Serializatie.txt = README\9. XML Serializatie.txt
	EndProjectSection
EndProject
Project("{9A19103F-16F7-4668-BE54-9A1E7A4F7556}") = "VideoGame.Console", "VideoGame.Console\VideoGame.Console.csproj", "{DD2E91B4-EEA6-4A87-95C4-AAB1F1AB3049}"
EndProject
Project("{2150E333-8FDC-42A3-9474-1A3956D46DE8}") = "Solution Items", "Solution Items", "{9FA532EA-F356-431C-A281-3141318C9E10}"
	ProjectSection(SolutionItems) = preProject
		setup_database.sql = setup_database.sql
	EndProjectSection
EndProject
Global
	GlobalSection(SolutionConfigurationPlatforms) = preSolution
		Debug|Any CPU = Debug|Any CPU
		Release|Any CPU = Release|Any CPU
	EndGlobalSection
	GlobalSection(ProjectConfigurationPlatforms) = postSolution
		{DD2E91B4-EEA6-4A87-95C4-AAB1F1AB3049}.Debug|Any CPU.ActiveCfg = Debug|Any CPU
		{DD2E91B4-EEA6-4A87-95C4-AAB1F1AB3049}.Debug|Any CPU.Build.0 = Debug|Any CPU
		{DD2E91B4-EEA6-4A87-95C4-AAB1F1AB3049}.Release|Any CPU.ActiveCfg = Release|Any CPU
		{DD2E91B4-EEA6-4A87-95C4-AAB1F1AB3049}.Release|Any CPU.Build.0 = Release|Any CPU
	EndGlobalSection
	GlobalSection(SolutionProperties) = preSolution
		HideSolutionNode = FALSE
	EndGlobalSection
	GlobalSection(ExtensibilityGlobals) = postSolution
		SolutionGuid = {60DE2B22-34D1-47F7-82CD-5830521072BF}
	EndGlobalSection
EndGlobal
